// !$*UTF8*$!
{
	archiveVersion = 1;
	classes = {
	};
	objectVersion = 77;
	objects = {

/* Begin PBXBuildFile section */
		FE2D5D062EEEA866004AB8F8 /* SnapKit in Frameworks */ = {isa = PBXBuildFile; productRef = FE2D5D052EEEA866004AB8F8 /* SnapKit */; };
		FE2D5D092EEEA8A7004AB8F8 /* Alamofire in Frameworks */ = {isa = PBXBuildFile; productRef = FE2D5D082EEEA8A7004AB8F8 /* Alamofire */; };
		FE2D5D0C2EEEA8F9004AB8F8 /* Kingfisher in Frameworks */ = {isa = PBXBuildFile; productRef = FE2D5D0B2EEEA8F9004AB8F8 /* Kingfisher */; };
		FEE0341B2EE9379D008B74AB /* .gitignore in Resources */ = {isa = PBXBuildFile; fileRef = FEE0341A2EE9379D008B74AB /* .gitignore */; };
		FEE034212EE94600008B74AB /* FirebaseAnalytics in Frameworks */ = {isa = PBXBuildFile; productRef = FEE034202EE94600008B74AB /* FirebaseAnalytics */; };
		FEE034232EE94600008B74AB /* FirebaseMessaging in Frameworks */ = {isa = PBXBuildFile; productRef = FEE034222EE94600008B74AB /* FirebaseMessaging */; };
/* End PBXBuildFile section */

/* Begin PBXFileReference section */
		FEE034022EE9330E008B74AB /* SaegAngyeong.app */ = {isa = PBXFileReference; explicitFileType = wrapper.application; includeInIndex = 0; path = SaegAngyeong.app; sourceTree = BUILT_PRODUCTS_DIR; };
		FEE0341A2EE9379D008B74AB /* .gitignore */ = {isa = PBXFileReference; lastKnownFileType = text; path = .gitignore; sourceTree = "<group>"; };
/* End PBXFileReference section */

/* Begin PBXFileSystemSynchronizedBuildFileExceptionSet section */
		FEE034142EE9330F008B74AB /* Exceptions for "SaegAngyeong" folder in "SaegAngyeong" target */ = {
			isa = PBXFileSystemSynchronizedBuildFileExceptionSet;
			membershipExceptions = (
				App/Config/Secret.xcconfig,
				Common/Extensions/.gitkeep,
				Resources/InfoPlist/Info.plist,
			);
			target = FEE034012EE9330E008B74AB /* SaegAngyeong */;
		};
/* End PBXFileSystemSynchronizedBuildFileExceptionSet section */

/* Begin PBXFileSystemSynchronizedRootGroup section */
		FEE034042EE9330E008B74AB /* SaegAngyeong */ = {
			isa = PBXFileSystemSynchronizedRootGroup;
			exceptions = (
				FEE034142EE9330F008B74AB /* Exceptions for "SaegAngyeong" folder in "SaegAngyeong" target */,
			);
			path = SaegAngyeong;
			sourceTree = "<group>";
		};
/* End PBXFileSystemSynchronizedRootGroup section */

/* Begin PBXFrameworksBuildPhase section */
		FEE033FF2EE9330E008B74AB /* Frameworks */ = {
			isa = PBXFrameworksBuildPhase;
			buildActionMask = 2147483647;
			files = (
				FE2D5D062EEEA866004AB8F8 /* SnapKit in Frameworks */,
				FE2D5D092EEEA8A7004AB8F8 /* Alamofire in Frameworks */,
				FEE034232EE94600008B74AB /* FirebaseMessaging in Frameworks */,
				FEE034212EE94600008B74AB /* FirebaseAnalytics in Frameworks */,
				FE2D5D0C2EEEA8F9004AB8F8 /* Kingfisher in Frameworks */,
			);
			runOnlyForDeploymentPostprocessing = 0;
		};
/* End PBXFrameworksBuildPhase section */

/* Begin PBXGroup section */
		FEE033F92EE9330E008B74AB = {
			isa = PBXGroup;
			children = (
				FEE0341A2EE9379D008B74AB /* .gitignore */,
				FEE034042EE9330E008B74AB /* SaegAngyeong */,
				FEE034032EE9330E008B74AB /* Products */,
			);
			sourceTree = "<group>";
		};
		FEE034032EE9330E008B74AB /* Products */ = {
			isa = PBXGroup;
			children = (
				FEE034022EE9330E008B74AB /* SaegAngyeong.app */,
			);
			name = Products;
			sourceTree = "<group>";
		};
/* End PBXGroup section */

/* Begin PBXNativeTarget section */
		FEE034012EE9330E008B74AB /* SaegAngyeong */ = {
			isa = PBXNativeTarget;
			buildConfigurationList = FEE034152EE9330F008B74AB /* Build configuration list for PBXNativeTarget "SaegAngyeong" */;
			buildPhases = (
				FEE033FE2EE9330E008B74AB /* Sources */,
				FEE033FF2EE9330E008B74AB /* Frameworks */,
				FEE034002EE9330E008B74AB /* Resources */,
			);
			buildRules = (
			);
			dependencies = (
			);
			fileSystemSynchronizedGroups = (
				FEE034042EE9330E008B74AB /* SaegAngyeong */,
			);
			name = SaegAngyeong;
			packageProductDependencies = (
				FEE034202EE94600008B74AB /* FirebaseAnalytics */,
				FEE034222EE94600008B74AB /* FirebaseMessaging */,
				FE2D5D052EEEA866004AB8F8 /* SnapKit */,
				FE2D5D082EEEA8A7004AB8F8 /* Alamofire */,
				FE2D5D0B2EEEA8F9004AB8F8 /* Kingfisher */,
			);
			productName = SaegAngyeong;
			productReference = FEE034022EE9330E008B74AB /* SaegAngyeong.app */;
			productType = "com.apple.product-type.application";
		};
/* End PBXNativeTarget section */

/* Begin PBXProject section */
		FEE033FA2EE9330E008B74AB /* Project object */ = {
			isa = PBXProject;
			attributes = {
				BuildIndependentTargetsInParallel = 1;
				LastSwiftUpdateCheck = 2610;
				LastUpgradeCheck = 2620;
				TargetAttributes = {
					FEE034012EE9330E008B74AB = {
						CreatedOnToolsVersion = 26.1.1;
					};
				};
			};
			buildConfigurationList = FEE033FD2EE9330E008B74AB /* Build configuration list for PBXProject "SaegAngyeong" */;
			developmentRegion = en;
			hasScannedForEncodings = 0;
			knownRegions = (
				en,
				Base,
			);
			mainGroup = FEE033F92EE9330E008B74AB;
			minimizedProjectReferenceProxies = 1;
			packageReferences = (
				FEE0341F2EE94600008B74AB /* XCRemoteSwiftPackageReference "firebase-ios-sdk" */,
				FE2D5D042EEEA866004AB8F8 /* XCRemoteSwiftPackageReference "SnapKit" */,
				FE2D5D072EEEA8A7004AB8F8 /* XCRemoteSwiftPackageReference "Alamofire" */,
				FE2D5D0A2EEEA8F9004AB8F8 /* XCRemoteSwiftPackageReference "Kingfisher" */,
			);
			preferredProjectObjectVersion = 77;
			productRefGroup = FEE034032EE9330E008B74AB /* Products */;
			projectDirPath = "";
			projectRoot = "";
			targets = (
				FEE034012EE9330E008B74AB /* SaegAngyeong */,
			);
		};
/* End PBXProject section */

/* Begin PBXResourcesBuildPhase section */
		FEE034002EE9330E008B74AB /* Resources */ = {
			isa = PBXResourcesBuildPhase;
			buildActionMask = 2147483647;
			files = (
				FEE0341B2EE9379D008B74AB /* .gitignore in Resources */,
			);
			runOnlyForDeploymentPostprocessing = 0;
		};
/* End PBXResourcesBuildPhase section */

/* Begin PBXSourcesBuildPhase section */
		FEE033FE2EE9330E008B74AB /* Sources */ = {
			isa = PBXSourcesBuildPhase;
			buildActionMask = 2147483647;
			files = (
			);
			runOnlyForDeploymentPostprocessing = 0;
		};
/* End PBXSourcesBuildPhase section */

/* Begin XCBuildConfiguration section */
		FEE034162EE9330F008B74AB /* Debug */ = {
			isa = XCBuildConfiguration;
			buildSettings = {
				ASSETCATALOG_COMPILER_APPICON_NAME = AppIcon;
				ASSETCATALOG_COMPILER_GLOBAL_ACCENT_COLOR_NAME = AccentColor;
				CODE_SIGN_ENTITLEMENTS = SaegAngyeong/App/Entitlements/SaegAngyeong.entitlements;
				CODE_SIGN_STYLE = Automatic;
				CURRENT_PROJECT_VERSION = 1;
				DEVELOPMENT_TEAM = L3KYP426WW;
				GENERATE_INFOPLIST_FILE = YES;
				INFOPLIST_FILE = SaegAngyeong/Resources/InfoPlist/Info.plist;
				INFOPLIST_KEY_CFBundleDisplayName = "색안경";
				INFOPLIST_KEY_UIApplicationSupportsIndirectInputEvents = YES;
				INFOPLIST_KEY_UILaunchStoryboardName = Resources/LaunchScreen/LaunchScreen;
				INFOPLIST_KEY_UISupportedInterfaceOrientations = UIInterfaceOrientationPortrait;
				INFOPLIST_KEY_UIUserInterfaceStyle = Light;
				IPHONEOS_DEPLOYMENT_TARGET = 16.0;
				LD_RUNPATH_SEARCH_PATHS = (
					"$(inherited)",
					"@executable_path/Frameworks",
				);
				MARKETING_VERSION = 1.0;
				PRODUCT_BUNDLE_IDENTIFIER = com.andev.SaegAngyeong;
				PRODUCT_NAME = "$(TARGET_NAME)";
				STRING_CATALOG_GENERATE_SYMBOLS = YES;
				SUPPORTED_PLATFORMS = "iphoneos iphonesimulator";
				SUPPORTS_MACCATALYST = NO;
				SUPPORTS_MAC_DESIGNED_FOR_IPHONE_IPAD = NO;
				SUPPORTS_XR_DESIGNED_FOR_IPHONE_IPAD = NO;
				SWIFT_APPROACHABLE_CONCURRENCY = YES;
				SWIFT_DEFAULT_ACTOR_ISOLATION = MainActor;
				SWIFT_EMIT_LOC_STRINGS = YES;
				SWIFT_UPCOMING_FEATURE_MEMBER_IMPORT_VISIBILITY = YES;
				SWIFT_VERSION = 5.0;
				TARGETED_DEVICE_FAMILY = 1;
			};
			name = Debug;
		};
		FEE034172EE9330F008B74AB /* Release */ = {
			isa = XCBuildConfiguration;
			buildSettings = {
				ASSETCATALOG_COMPILER_APPICON_NAME = AppIcon;
				ASSETCATALOG_COMPILER_GLOBAL_ACCENT_COLOR_NAME = AccentColor;
				CODE_SIGN_ENTITLEMENTS = SaegAngyeong/App/Entitlements/SaegAngyeong.entitlements;
				CODE_SIGN_STYLE = Automatic;
				CURRENT_PROJECT_VERSION = 1;
				DEVELOPMENT_TEAM = L3KYP426WW;
				GENERATE_INFOPLIST_FILE = YES;
				INFOPLIST_FILE = SaegAngyeong/Resources/InfoPlist/Info.plist;
				INFOPLIST_KEY_CFBundleDisplayName = "색안경";
				INFOPLIST_KEY_UIApplicationSupportsIndirectInputEvents = YES;
				INFOPLIST_KEY_UILaunchStoryboardName = Resources/LaunchScreen/LaunchScreen;
				INFOPLIST_KEY_UISupportedInterfaceOrientations = UIInterfaceOrientationPortrait;
				INFOPLIST_KEY_UIUserInterfaceStyle = Light;
				IPHONEOS_DEPLOYMENT_TARGET = 16.0;
				LD_RUNPATH_SEARCH_PATHS = (
					"$(inherited)",
					"@executable_path/Frameworks",
				);
				MARKETING_VERSION = 1.0;
				PRODUCT_BUNDLE_IDENTIFIER = com.andev.SaegAngyeong;
				PRODUCT_NAME = "$(TARGET_NAME)";
				STRING_CATALOG_GENERATE_SYMBOLS = YES;
				SUPPORTED_PLATFORMS = "iphoneos iphonesimulator";
				SUPPORTS_MACCATALYST = NO;
				SUPPORTS_MAC_DESIGNED_FOR_IPHONE_IPAD = NO;
				SUPPORTS_XR_DESIGNED_FOR_IPHONE_IPAD = NO;
				SWIFT_APPROACHABLE_CONCURRENCY = YES;
				SWIFT_DEFAULT_ACTOR_ISOLATION = MainActor;
				SWIFT_EMIT_LOC_STRINGS = YES;
				SWIFT_UPCOMING_FEATURE_MEMBER_IMPORT_VISIBILITY = YES;
				SWIFT_VERSION = 5.0;
				TARGETED_DEVICE_FAMILY = 1;
			};
			name = Release;
		};
		FEE034182EE9330F008B74AB /* Debug */ = {
			isa = XCBuildConfiguration;
			baseConfigurationReferenceAnchor = FEE034042EE9330E008B74AB /* SaegAngyeong */;
			baseConfigurationReferenceRelativePath = App/Config/Secret.xcconfig;
			buildSettings = {
				ALWAYS_SEARCH_USER_PATHS = NO;
				ASSETCATALOG_COMPILER_GENERATE_SWIFT_ASSET_SYMBOL_EXTENSIONS = YES;
				CLANG_ANALYZER_NONNULL = YES;
				CLANG_ANALYZER_NUMBER_OBJECT_CONVERSION = YES_AGGRESSIVE;
				CLANG_CXX_LANGUAGE_STANDARD = "gnu++20";
				CLANG_ENABLE_MODULES = YES;
				CLANG_ENABLE_OBJC_ARC = YES;
				CLANG_ENABLE_OBJC_WEAK = YES;
				CLANG_WARN_BLOCK_CAPTURE_AUTORELEASING = YES;
				CLANG_WARN_BOOL_CONVERSION = YES;
				CLANG_WARN_COMMA = YES;
				CLANG_WARN_CONSTANT_CONVERSION = YES;
				CLANG_WARN_DEPRECATED_OBJC_IMPLEMENTATIONS = YES;
				CLANG_WARN_DIRECT_OBJC_ISA_USAGE = YES_ERROR;
				CLANG_WARN_DOCUMENTATION_COMMENTS = YES;
				CLANG_WARN_EMPTY_BODY = YES;
				CLANG_WARN_ENUM_CONVERSION = YES;
				CLANG_WARN_INFINITE_RECURSION = YES;
				CLANG_WARN_INT_CONVERSION = YES;
				CLANG_WARN_NON_LITERAL_NULL_CONVERSION = YES;
				CLANG_WARN_OBJC_IMPLICIT_RETAIN_SELF = YES;
				CLANG_WARN_OBJC_LITERAL_CONVERSION = YES;
				CLANG_WARN_OBJC_ROOT_CLASS = YES_ERROR;
				CLANG_WARN_QUOTED_INCLUDE_IN_FRAMEWORK_HEADER = YES;
				CLANG_WARN_RANGE_LOOP_ANALYSIS = YES;
				CLANG_WARN_STRICT_PROTOTYPES = YES;
				CLANG_WARN_SUSPICIOUS_MOVE = YES;
				CLANG_WARN_UNGUARDED_AVAILABILITY = YES_AGGRESSIVE;
				CLANG_WARN_UNREACHABLE_CODE = YES;
				CLANG_WARN__DUPLICATE_METHOD_MATCH = YES;
				COPY_PHASE_STRIP = NO;
				DEBUG_INFORMATION_FORMAT = dwarf;
				DEVELOPMENT_TEAM = L3KYP426WW;
				ENABLE_STRICT_OBJC_MSGSEND = YES;
				ENABLE_TESTABILITY = YES;
				ENABLE_USER_SCRIPT_SANDBOXING = YES;
				GCC_C_LANGUAGE_STANDARD = gnu17;
				GCC_DYNAMIC_NO_PIC = NO;
				GCC_NO_COMMON_BLOCKS = YES;
				GCC_OPTIMIZATION_LEVEL = 0;
				GCC_PREPROCESSOR_DEFINITIONS = (
					"DEBUG=1",
					"$(inherited)",
				);
				GCC_WARN_64_TO_32_BIT_CONVERSION = YES;
				GCC_WARN_ABOUT_RETURN_TYPE = YES_ERROR;
				GCC_WARN_UNDECLARED_SELECTOR = YES;
				GCC_WARN_UNINITIALIZED_AUTOS = YES_AGGRESSIVE;
				GCC_WARN_UNUSED_FUNCTION = YES;
				GCC_WARN_UNUSED_VARIABLE = YES;
				IPHONEOS_DEPLOYMENT_TARGET = 26.1;
				LOCALIZATION_PREFERS_STRING_CATALOGS = YES;
				MTL_ENABLE_DEBUG_INFO = INCLUDE_SOURCE;
				MTL_FAST_MATH = YES;
				ONLY_ACTIVE_ARCH = YES;
				SDKROOT = iphoneos;
				STRING_CATALOG_GENERATE_SYMBOLS = YES;
				SWIFT_ACTIVE_COMPILATION_CONDITIONS = "DEBUG $(inherited)";
				SWIFT_OPTIMIZATION_LEVEL = "-Onone";
			};
			name = Debug;
		};
		FEE034192EE9330F008B74AB /* Release */ = {
			isa = XCBuildConfiguration;
			baseConfigurationReferenceAnchor = FEE034042EE9330E008B74AB /* SaegAngyeong */;
			baseConfigurationReferenceRelativePath = App/Config/Secret.xcconfig;
			buildSettings = {
				ALWAYS_SEARCH_USER_PATHS = NO;
				ASSETCATALOG_COMPILER_GENERATE_SWIFT_ASSET_SYMBOL_EXTENSIONS = YES;
				CLANG_ANALYZER_NONNULL = YES;
				CLANG_ANALYZER_NUMBER_OBJECT_CONVERSION = YES_AGGRESSIVE;
				CLANG_CXX_LANGUAGE_STANDARD = "gnu++20";
				CLANG_ENABLE_MODULES = YES;
				CLANG_ENABLE_OBJC_ARC = YES;
				CLANG_ENABLE_OBJC_WEAK = YES;
				CLANG_WARN_BLOCK_CAPTURE_AUTORELEASING = YES;
				CLANG_WARN_BOOL_CONVERSION = YES;
				CLANG_WARN_COMMA = YES;
				CLANG_WARN_CONSTANT_CONVERSION = YES;
				CLANG_WARN_DEPRECATED_OBJC_IMPLEMENTATIONS = YES;
				CLANG_WARN_DIRECT_OBJC_ISA_USAGE = YES_ERROR;
				CLANG_WARN_DOCUMENTATION_COMMENTS = YES;
				CLANG_WARN_EMPTY_BODY = YES;
				CLANG_WARN_ENUM_CONVERSION = YES;
				CLANG_WARN_INFINITE_RECURSION = YES;
				CLANG_WARN_INT_CONVERSION = YES;
				CLANG_WARN_NON_LITERAL_NULL_CONVERSION = YES;
				CLANG_WARN_OBJC_IMPLICIT_RETAIN_SELF = YES;
				CLANG_WARN_OBJC_LITERAL_CONVERSION = YES;
				CLANG_WARN_OBJC_ROOT_CLASS = YES_ERROR;
				CLANG_WARN_QUOTED_INCLUDE_IN_FRAMEWORK_HEADER = YES;
				CLANG_WARN_RANGE_LOOP_ANALYSIS = YES;
				CLANG_WARN_STRICT_PROTOTYPES = YES;
				CLANG_WARN_SUSPICIOUS_MOVE = YES;
				CLANG_WARN_UNGUARDED_AVAILABILITY = YES_AGGRESSIVE;
				CLANG_WARN_UNREACHABLE_CODE = YES;
				CLANG_WARN__DUPLICATE_METHOD_MATCH = YES;
				COPY_PHASE_STRIP = NO;
				DEBUG_INFORMATION_FORMAT = "dwarf-with-dsym";
				DEVELOPMENT_TEAM = L3KYP426WW;
				ENABLE_NS_ASSERTIONS = NO;
				ENABLE_STRICT_OBJC_MSGSEND = YES;
				ENABLE_USER_SCRIPT_SANDBOXING = YES;
				GCC_C_LANGUAGE_STANDARD = gnu17;
				GCC_NO_COMMON_BLOCKS = YES;
				GCC_WARN_64_TO_32_BIT_CONVERSION = YES;
				GCC_WARN_ABOUT_RETURN_TYPE = YES_ERROR;
				GCC_WARN_UNDECLARED_SELECTOR = YES;
				GCC_WARN_UNINITIALIZED_AUTOS = YES_AGGRESSIVE;
				GCC_WARN_UNUSED_FUNCTION = YES;
				GCC_WARN_UNUSED_VARIABLE = YES;
				IPHONEOS_DEPLOYMENT_TARGET = 26.1;
				LOCALIZATION_PREFERS_STRING_CATALOGS = YES;
				MTL_ENABLE_DEBUG_INFO = NO;
				MTL_FAST_MATH = YES;
				SDKROOT = iphoneos;
				STRING_CATALOG_GENERATE_SYMBOLS = YES;
				SWIFT_COMPILATION_MODE = wholemodule;
				VALIDATE_PRODUCT = YES;
			};
			name = Release;
		};
/* End XCBuildConfiguration section */

/* Begin XCConfigurationList section */
		FEE033FD2EE9330E008B74AB /* Build configuration list for PBXProject "SaegAngyeong" */ = {
			isa = XCConfigurationList;
			buildConfigurations = (
				FEE034182EE9330F008B74AB /* Debug */,
				FEE034192EE9330F008B74AB /* Release */,
			);
			defaultConfigurationIsVisible = 0;
			defaultConfigurationName = Release;
		};
		FEE034152EE9330F008B74AB /* Build configuration list for PBXNativeTarget "SaegAngyeong" */ = {
			isa = XCConfigurationList;
			buildConfigurations = (
				FEE034162EE9330F008B74AB /* Debug */,
				FEE034172EE9330F008B74AB /* Release */,
			);
			defaultConfigurationIsVisible = 0;
			defaultConfigurationName = Release;
		};
/* End XCConfigurationList section */

/* Begin XCRemoteSwiftPackageReference section */
		FE2D5D042EEEA866004AB8F8 /* XCRemoteSwiftPackageReference "SnapKit" */ = {
			isa = XCRemoteSwiftPackageReference;
			repositoryURL = "https://github.com/SnapKit/SnapKit";
			requirement = {
				kind = upToNextMajorVersion;
				minimumVersion = 5.7.1;
			};
		};
		FE2D5D072EEEA8A7004AB8F8 /* XCRemoteSwiftPackageReference "Alamofire" */ = {
			isa = XCRemoteSwiftPackageReference;
			repositoryURL = "https://github.com/Alamofire/Alamofire";
			requirement = {
				kind = upToNextMajorVersion;
				minimumVersion = 5.10.2;
			};
		};
		FE2D5D0A2EEEA8F9004AB8F8 /* XCRemoteSwiftPackageReference "Kingfisher" */ = {
			isa = XCRemoteSwiftPackageReference;
			repositoryURL = "https://github.com/onevcat/Kingfisher";
			requirement = {
				kind = upToNextMajorVersion;
				minimumVersion = 8.6.2;
			};
		};
		FEE0341F2EE94600008B74AB /* XCRemoteSwiftPackageReference "firebase-ios-sdk" */ = {
			isa = XCRemoteSwiftPackageReference;
			repositoryURL = "https://github.com/firebase/firebase-ios-sdk";
			requirement = {
				kind = upToNextMajorVersion;
				minimumVersion = 12.6.0;
			};
		};
/* End XCRemoteSwiftPackageReference section */

/* Begin XCSwiftPackageProductDependency section */
		FE2D5D052EEEA866004AB8F8 /* SnapKit */ = {
			isa = XCSwiftPackageProductDependency;
			package = FE2D5D042EEEA866004AB8F8 /* XCRemoteSwiftPackageReference "SnapKit" */;
			productName = SnapKit;
		};
		FE2D5D082EEEA8A7004AB8F8 /* Alamofire */ = {
			isa = XCSwiftPackageProductDependency;
			package = FE2D5D072EEEA8A7004AB8F8 /* XCRemoteSwiftPackageReference "Alamofire" */;
			productName = Alamofire;
		};
		FE2D5D0B2EEEA8F9004AB8F8 /* Kingfisher */ = {
			isa = XCSwiftPackageProductDependency;
			package = FE2D5D0A2EEEA8F9004AB8F8 /* XCRemoteSwiftPackageReference "Kingfisher" */;
			productName = Kingfisher;
		};
		FEE034202EE94600008B74AB /* FirebaseAnalytics */ = {
			isa = XCSwiftPackageProductDependency;
			package = FEE0341F2EE94600008B74AB /* XCRemoteSwiftPackageReference "firebase-ios-sdk" */;
			productName = FirebaseAnalytics;
		};
		FEE034222EE94600008B74AB /* FirebaseMessaging */ = {
			isa = XCSwiftPackageProductDependency;
			package = FEE0341F2EE94600008B74AB /* XCRemoteSwiftPackageReference "firebase-ios-sdk" */;
			productName = FirebaseMessaging;
		};
/* End XCSwiftPackageProductDependency section */
	};
	rootObject = FEE033FA2EE9330E008B74AB /* Project object */;
}
